
Microsoft Visual Studio Solution File, Format Version 12.00
# Visual Studio Version 17
VisualStudioVersion = 17.9.34622.214
MinimumVisualStudioVersion = 10.0.40219.1
Project("{FAE04EC0-301F-11D3-BF4B-00C04F79EFBC}") = "BlazorApp1", "BlazorApp1\BlazorApp1.csproj", "{DEF92A9D-3E01-4636-81A6-6FBB3F8284C8}"
EndProject
Global
	GlobalSection(SolutionConfigurationPlatforms) = preSolution
		Debug|Any CPU = Debug|Any CPU
		Release|Any CPU = Release|Any CPU
	EndGlobalSection
	GlobalSection(ProjectConfigurationPlatforms) = postSolution
		{DEF92A9D-3E01-4636-81A6-6FBB3F8284C8}.Debug|Any CPU.ActiveCfg = Debug|Any CPU
		{DEF92A9D-3E01-4636-81A6-6FBB3F8284C8}.Debug|Any CPU.Build.0 = Debug|Any CPU
		{DEF92A9D-3E01-4636-81A6-6FBB3F8284C8}.Release|Any CPU.ActiveCfg = Release|Any CPU
		{DEF92A9D-3E01-4636-81A6-6FBB3F8284C8}.Release|Any CPU.Build.0 = Release|Any CPU
	EndGlobalSection
	GlobalSection(SolutionProperties) = preSolution
		HideSolutionNode = FALSE
	EndGlobalSection
	GlobalSection(ExtensibilityGlobals) = postSolution
		SolutionGuid = {B1319307-D414-4284-A904-762C47E5C475}
	EndGlobalSection
EndGlobal
